
Microsoft Visual Studio Solution File, Format Version 12.00
# Visual Studio 2012
Project("{FAE04EC0-301F-11D3-BF4B-00C04F79EFBC}") = "MyContacts", "MyContacts\MyContacts.csproj", "{DCE03F68-C9FD-4971-97FD-A5E3A3ED2F85}"
EndProject
Global
	GlobalSection(SolutionConfigurationPlatforms) = preSolution
		Debug|iPhoneSimulator = Debug|iPhoneSimulator
		Release|iPhone = Release|iPhone
		Release|iPhoneSimulator = Release|iPhoneSimulator
		Debug|iPhone = Debug|iPhone
	EndGlobalSection
	GlobalSection(ProjectConfigurationPlatforms) = postSolution
		{DCE03F68-C9FD-4971-97FD-A5E3A3ED2F85}.Debug|iPhone.ActiveCfg = Debug|iPhone
		{DCE03F68-C9FD-4971-97FD-A5E3A3ED2F85}.Debug|iPhone.Build.0 = Debug|iPhone
		{DCE03F68-C9FD-4971-97FD-A5E3A3ED2F85}.Debug|iPhoneSimulator.ActiveCfg = Debug|iPhoneSimulator
		{DCE03F68-C9FD-4971-97FD-A5E3A3ED2F85}.Debug|iPhoneSimulator.Build.0 = Debug|iPhoneSimulator
		{DCE03F68-C9FD-4971-97FD-A5E3A3ED2F85}.Release|iPhone.ActiveCfg = Release|iPhone
		{DCE03F68-C9FD-4971-97FD-A5E3A3ED2F85}.Release|iPhone.Build.0 = Release|iPhone
		{DCE03F68-C9FD-4971-97FD-A5E3A3ED2F85}.Release|iPhoneSimulator.ActiveCfg = Release|iPhoneSimulator
		{DCE03F68-C9FD-4971-97FD-A5E3A3ED2F85}.Release|iPhoneSimulator.Build.0 = Release|iPhoneSimulator
	EndGlobalSection
EndGlobal
